
Microsoft Visual Studio Solution File, Format Version 12.00
# Visual Studio 15
VisualStudioVersion = 15.0.28307.902
MinimumVisualStudioVersion = 10.0.40219.1
Project("{FAE04EC0-301F-11D3-BF4B-00C04F79EFBC}") = "StrictlyStatistics", "StrictlyStatistics\StrictlyStatistics.csproj", "{DB507D42-2A4B-4D7C-8AB9-D695099784D1}"
EndProject
Global
	GlobalSection(SolutionConfigurationPlatforms) = preSolution
		Debug|Any CPU = Debug|Any CPU
		Release|Any CPU = Release|Any CPU
	EndGlobalSection
	GlobalSection(ProjectConfigurationPlatforms) = postSolution
		{DB507D42-2A4B-4D7C-8AB9-D695099784D1}.Debug|Any CPU.ActiveCfg = Debug|Any CPU
		{DB507D42-2A4B-4D7C-8AB9-D695099784D1}.Debug|Any CPU.Build.0 = Debug|Any CPU
		{DB507D42-2A4B-4D7C-8AB9-D695099784D1}.Debug|Any CPU.Deploy.0 = Debug|Any CPU
		{DB507D42-2A4B-4D7C-8AB9-D695099784D1}.Release|Any CPU.ActiveCfg = Release|Any CPU
		{DB507D42-2A4B-4D7C-8AB9-D695099784D1}.Release|Any CPU.Build.0 = Release|Any CPU
		{DB507D42-2A4B-4D7C-8AB9-D695099784D1}.Release|Any CPU.Deploy.0 = Release|Any CPU
	EndGlobalSection
	GlobalSection(SolutionProperties) = preSolution
		HideSolutionNode = FALSE
	EndGlobalSection
	GlobalSection(ExtensibilityGlobals) = postSolution
		SolutionGuid = {05DF1CCA-27D8-46D1-85D1-81D6E0ACF56E}
	EndGlobalSection
EndGlobal
